
Microsoft Visual Studio Solution File, Format Version 12.00
# Visual Studio Version 17
VisualStudioVersion = 17.3.32819.101
MinimumVisualStudioVersion = 10.0.40219.1
Project("{FAE04EC0-301F-11D3-BF4B-00C04F79EFBC}") = "FastPuri", "FastPuri\FastPuri.csproj", "{AA1B237F-C259-4873-8A5A-88E91B9BCDEE}"
EndProject
Global
	GlobalSection(SolutionConfigurationPlatforms) = preSolution
		Debug|Any CPU = Debug|Any CPU
		Release|Any CPU = Release|Any CPU
	EndGlobalSection
	GlobalSection(ProjectConfigurationPlatforms) = postSolution
		{AA1B237F-C259-4873-8A5A-88E91B9BCDEE}.Debug|Any CPU.ActiveCfg = Debug|Any CPU
		{AA1B237F-C259-4873-8A5A-88E91B9BCDEE}.Debug|Any CPU.Build.0 = Debug|Any CPU
		{AA1B237F-C259-4873-8A5A-88E91B9BCDEE}.Release|Any CPU.ActiveCfg = Release|Any CPU
		{AA1B237F-C259-4873-8A5A-88E91B9BCDEE}.Release|Any CPU.Build.0 = Release|Any CPU
	EndGlobalSection
	GlobalSection(SolutionProperties) = preSolution
		HideSolutionNode = FALSE
	EndGlobalSection
	GlobalSection(ExtensibilityGlobals) = postSolution
		SolutionGuid = {A8F65DCA-E1F6-406B-A9F8-B7D9D461AD3E}
	EndGlobalSection
EndGlobal
